// !$*UTF8*$!
{
	archiveVersion = 1;
	classes = {
	};
	objectVersion = 55;
	objects = {

/* Begin PBXBuildFile section */
		405E6C6FB259826F6115B1D6 /* libPods-BallsConnect.a in Frameworks */ = {isa = PBXBuildFile; fileRef = 97355F29BDF037D1D9776E7B /* libPods-BallsConnect.a */; };
		5F0140992E85F5570023930C /* StartupGate.swift in Sources */ = {isa = PBXBuildFile; fileRef = 5F0140982E85F5570023930C /* StartupGate.swift */; };
		5F01409B2E85F6120023930C /* GoogleService-Info.plist in Resources */ = {isa = PBXBuildFile; fileRef = 5F01409A2E85F6120023930C /* GoogleService-Info.plist */; };
		724140EA2E79738A000F0503 /* TextScreen.swift in Sources */ = {isa = PBXBuildFile; fileRef = 724140E92E79738A000F0503 /* TextScreen.swift */; };
		724140F02E79741A000F0503 /* PrivacyView.swift in Sources */ = {isa = PBXBuildFile; fileRef = 724140EE2E79741A000F0503 /* PrivacyView.swift */; };
		724140F72E797446000F0503 /* index.html in Resources */ = {isa = PBXBuildFile; fileRef = 724140F12E797446000F0503 /* index.html */; };
		724140F82E797446000F0503 /* WebViewCoordinator.swift in Sources */ = {isa = PBXBuildFile; fileRef = 724140F42E797446000F0503 /* WebViewCoordinator.swift */; };
		724140F92E797446000F0503 /* WebViewContainer.swift in Sources */ = {isa = PBXBuildFile; fileRef = 724140F32E797446000F0503 /* WebViewContainer.swift */; };
		724140FA2E797446000F0503 /* WebSheetViewController.swift in Sources */ = {isa = PBXBuildFile; fileRef = 724140F52E797446000F0503 /* WebSheetViewController.swift */; };
		724140FB2E797446000F0503 /* UserAgentBuilder.swift in Sources */ = {isa = PBXBuildFile; fileRef = 724140F22E797446000F0503 /* UserAgentBuilder.swift */; };
		724140FE2E797466000F0503 /* AppEntryPoint.swift in Sources */ = {isa = PBXBuildFile; fileRef = 724140FD2E797466000F0503 /* AppEntryPoint.swift */; };
		724140FF2E797466000F0503 /* AppDelegate.swift in Sources */ = {isa = PBXBuildFile; fileRef = 724140FC2E797466000F0503 /* AppDelegate.swift */; };
		72CC1B1D2E6F2B05006052B5 /* BallsConnectApp.swift in Sources */ = {isa = PBXBuildFile; fileRef = 72CC1B1A2E6F2B05006052B5 /* BallsConnectApp.swift */; };
		72CC1B1F2E6F2B05006052B5 /* Assets.xcassets in Resources */ = {isa = PBXBuildFile; fileRef = 72CC1B182E6F2B05006052B5 /* Assets.xcassets */; };
		72CC1B242E6F2BC9006052B5 /* Color+Extensions.swift in Sources */ = {isa = PBXBuildFile; fileRef = 72CC1B212E6F2BC9006052B5 /* Color+Extensions.swift */; };
		72CC1B252E6F2BC9006052B5 /* ShapeStyle+Extensions.swift in Sources */ = {isa = PBXBuildFile; fileRef = 72CC1B222E6F2BC9006052B5 /* ShapeStyle+Extensions.swift */; };
		72CC1B262E6F2BC9006052B5 /* View+Extensions.swift in Sources */ = {isa = PBXBuildFile; fileRef = 72CC1B202E6F2BC9006052B5 /* View+Extensions.swift */; };
		72CC1B2C2E6F2BD8006052B5 /* BCHomeWebView.swift in Sources */ = {isa = PBXBuildFile; fileRef = 72CC1B272E6F2BD8006052B5 /* BCHomeWebView.swift */; };
		72CC1B2D2E6F2BD8006052B5 /* BCLaunchView.swift in Sources */ = {isa = PBXBuildFile; fileRef = 72CC1B292E6F2BD8006052B5 /* BCLaunchView.swift */; };
/* End PBXBuildFile section */

/* Begin PBXFileReference section */
		4EDC09F5A85653508E0D58D9 /* Pods-BallsConnect.release.xcconfig */ = {isa = PBXFileReference; includeInIndex = 1; lastKnownFileType = text.xcconfig; name = "Pods-BallsConnect.release.xcconfig"; path = "Target Support Files/Pods-BallsConnect/Pods-BallsConnect.release.xcconfig"; sourceTree = "<group>"; };
		5F0140982E85F5570023930C /* StartupGate.swift */ = {isa = PBXFileReference; lastKnownFileType = sourcecode.swift; path = StartupGate.swift; sourceTree = "<group>"; };
		5F01409A2E85F6120023930C /* GoogleService-Info.plist */ = {isa = PBXFileReference; lastKnownFileType = text.plist.xml; path = "GoogleService-Info.plist"; sourceTree = "<group>"; };
		5F01409C2E85F6D00023930C /* BallsConnect.entitlements */ = {isa = PBXFileReference; lastKnownFileType = text.plist.entitlements; path = BallsConnect.entitlements; sourceTree = "<group>"; };
		724140E92E79738A000F0503 /* TextScreen.swift */ = {isa = PBXFileReference; lastKnownFileType = sourcecode.swift; path = TextScreen.swift; sourceTree = "<group>"; };
		724140EE2E79741A000F0503 /* PrivacyView.swift */ = {isa = PBXFileReference; lastKnownFileType = sourcecode.swift; path = PrivacyView.swift; sourceTree = "<group>"; };
		724140F12E797446000F0503 /* index.html */ = {isa = PBXFileReference; lastKnownFileType = text.html; path = index.html; sourceTree = "<group>"; };
		724140F22E797446000F0503 /* UserAgentBuilder.swift */ = {isa = PBXFileReference; lastKnownFileType = sourcecode.swift; path = UserAgentBuilder.swift; sourceTree = "<group>"; };
		724140F32E797446000F0503 /* WebViewContainer.swift */ = {isa = PBXFileReference; lastKnownFileType = sourcecode.swift; path = WebViewContainer.swift; sourceTree = "<group>"; };
		724140F42E797446000F0503 /* WebViewCoordinator.swift */ = {isa = PBXFileReference; lastKnownFileType = sourcecode.swift; path = WebViewCoordinator.swift; sourceTree = "<group>"; };
		724140F52E797446000F0503 /* WebSheetViewController.swift */ = {isa = PBXFileReference; lastKnownFileType = sourcecode.swift; path = WebSheetViewController.swift; sourceTree = "<group>"; };
		724140FC2E797466000F0503 /* AppDelegate.swift */ = {isa = PBXFileReference; lastKnownFileType = sourcecode.swift; path = AppDelegate.swift; sourceTree = "<group>"; };
		724140FD2E797466000F0503 /* AppEntryPoint.swift */ = {isa = PBXFileReference; lastKnownFileType = sourcecode.swift; path = AppEntryPoint.swift; sourceTree = "<group>"; };
		72CC1B092E6F2AF9006052B5 /* BallsConnect.app */ = {isa = PBXFileReference; explicitFileType = wrapper.application; includeInIndex = 0; path = BallsConnect.app; sourceTree = BUILT_PRODUCTS_DIR; };
		72CC1B182E6F2B05006052B5 /* Assets.xcassets */ = {isa = PBXFileReference; lastKnownFileType = folder.assetcatalog; path = Assets.xcassets; sourceTree = "<group>"; };
		72CC1B1A2E6F2B05006052B5 /* BallsConnectApp.swift */ = {isa = PBXFileReference; lastKnownFileType = sourcecode.swift; path = BallsConnectApp.swift; sourceTree = "<group>"; };
		72CC1B202E6F2BC9006052B5 /* View+Extensions.swift */ = {isa = PBXFileReference; lastKnownFileType = sourcecode.swift; path = "View+Extensions.swift"; sourceTree = "<group>"; };
		72CC1B212E6F2BC9006052B5 /* Color+Extensions.swift */ = {isa = PBXFileReference; lastKnownFileType = sourcecode.swift; path = "Color+Extensions.swift"; sourceTree = "<group>"; };
		72CC1B222E6F2BC9006052B5 /* ShapeStyle+Extensions.swift */ = {isa = PBXFileReference; lastKnownFileType = sourcecode.swift; path = "ShapeStyle+Extensions.swift"; sourceTree = "<group>"; };
		72CC1B272E6F2BD8006052B5 /* BCHomeWebView.swift */ = {isa = PBXFileReference; lastKnownFileType = sourcecode.swift; path = BCHomeWebView.swift; sourceTree = "<group>"; };
		72CC1B292E6F2BD8006052B5 /* BCLaunchView.swift */ = {isa = PBXFileReference; lastKnownFileType = sourcecode.swift; path = BCLaunchView.swift; sourceTree = "<group>"; };
		72CC1B2F2E6F2CA5006052B5 /* Info.plist */ = {isa = PBXFileReference; lastKnownFileType = text.plist; path = Info.plist; sourceTree = "<group>"; };
		97355F29BDF037D1D9776E7B /* libPods-BallsConnect.a */ = {isa = PBXFileReference; explicitFileType = archive.ar; includeInIndex = 0; path = "libPods-BallsConnect.a"; sourceTree = BUILT_PRODUCTS_DIR; };
		EA8D2E9E8F5289CBF886F887 /* Pods-BallsConnect.debug.xcconfig */ = {isa = PBXFileReference; includeInIndex = 1; lastKnownFileType = text.xcconfig; name = "Pods-BallsConnect.debug.xcconfig"; path = "Target Support Files/Pods-BallsConnect/Pods-BallsConnect.debug.xcconfig"; sourceTree = "<group>"; };
/* End PBXFileReference section */

/* Begin PBXFrameworksBuildPhase section */
		72CC1B062E6F2AF9006052B5 /* Frameworks */ = {
			isa = PBXFrameworksBuildPhase;
			buildActionMask = 2147483647;
			files = (
				405E6C6FB259826F6115B1D6 /* libPods-BallsConnect.a in Frameworks */,
			);
			runOnlyForDeploymentPostprocessing = 0;
		};
/* End PBXFrameworksBuildPhase section */

/* Begin PBXGroup section */
		724140EF2E79741A000F0503 /* PrivacyScreen */ = {
			isa = PBXGroup;
			children = (
				724140EE2E79741A000F0503 /* PrivacyView.swift */,
			);
			path = PrivacyScreen;
			sourceTree = "<group>";
		};
		724140F62E797446000F0503 /* Web */ = {
			isa = PBXGroup;
			children = (
				724140F12E797446000F0503 /* index.html */,
				724140F22E797446000F0503 /* UserAgentBuilder.swift */,
				724140F32E797446000F0503 /* WebViewContainer.swift */,
				724140F42E797446000F0503 /* WebViewCoordinator.swift */,
				724140F52E797446000F0503 /* WebSheetViewController.swift */,
			);
			path = Web;
			sourceTree = "<group>";
		};
		72CC1B002E6F2AF9006052B5 = {
			isa = PBXGroup;
			children = (
				72CC1B1C2E6F2B05006052B5 /* BallsConnect */,
				72CC1B0A2E6F2AF9006052B5 /* Products */,
				E122BBBE453ECCF4A7D1E72D /* Pods */,
				AE9BD71E9F1F52DF6429335F /* Frameworks */,
			);
			sourceTree = "<group>";
		};
		72CC1B0A2E6F2AF9006052B5 /* Products */ = {
			isa = PBXGroup;
			children = (
				72CC1B092E6F2AF9006052B5 /* BallsConnect.app */,
			);
			name = Products;
			sourceTree = "<group>";
		};
		72CC1B1C2E6F2B05006052B5 /* BallsConnect */ = {
			isa = PBXGroup;
			children = (
				5F01409C2E85F6D00023930C /* BallsConnect.entitlements */,
				5F01409A2E85F6120023930C /* GoogleService-Info.plist */,
				72CC1B2F2E6F2CA5006052B5 /* Info.plist */,
				72CC1B2E2E6F2BF5006052B5 /* App */,
				72CC1B2B2E6F2BD8006052B5 /* Screens */,
				72CC1B232E6F2BC9006052B5 /* Extensions */,
				72CC1B182E6F2B05006052B5 /* Assets.xcassets */,
			);
			path = BallsConnect;
			sourceTree = "<group>";
		};
		72CC1B232E6F2BC9006052B5 /* Extensions */ = {
			isa = PBXGroup;
			children = (
				724140E92E79738A000F0503 /* TextScreen.swift */,
				72CC1B202E6F2BC9006052B5 /* View+Extensions.swift */,
				72CC1B212E6F2BC9006052B5 /* Color+Extensions.swift */,
				72CC1B222E6F2BC9006052B5 /* ShapeStyle+Extensions.swift */,
			);
			path = Extensions;
			sourceTree = "<group>";
		};
		72CC1B282E6F2BD8006052B5 /* HomeWebScreen */ = {
			isa = PBXGroup;
			children = (
				72CC1B272E6F2BD8006052B5 /* BCHomeWebView.swift */,
			);
			path = HomeWebScreen;
			sourceTree = "<group>";
		};
		72CC1B2A2E6F2BD8006052B5 /* LaunchScreen */ = {
			isa = PBXGroup;
			children = (
				72CC1B292E6F2BD8006052B5 /* BCLaunchView.swift */,
			);
			path = LaunchScreen;
			sourceTree = "<group>";
		};
		72CC1B2B2E6F2BD8006052B5 /* Screens */ = {
			isa = PBXGroup;
			children = (
				724140F62E797446000F0503 /* Web */,
				724140EF2E79741A000F0503 /* PrivacyScreen */,
				72CC1B282E6F2BD8006052B5 /* HomeWebScreen */,
				72CC1B2A2E6F2BD8006052B5 /* LaunchScreen */,
			);
			path = Screens;
			sourceTree = "<group>";
		};
		72CC1B2E2E6F2BF5006052B5 /* App */ = {
			isa = PBXGroup;
			children = (
				5F0140982E85F5570023930C /* StartupGate.swift */,
				724140FC2E797466000F0503 /* AppDelegate.swift */,
				724140FD2E797466000F0503 /* AppEntryPoint.swift */,
				72CC1B1A2E6F2B05006052B5 /* BallsConnectApp.swift */,
			);
			path = App;
			sourceTree = "<group>";
		};
		AE9BD71E9F1F52DF6429335F /* Frameworks */ = {
			isa = PBXGroup;
			children = (
				97355F29BDF037D1D9776E7B /* libPods-BallsConnect.a */,
			);
			name = Frameworks;
			sourceTree = "<group>";
		};
		E122BBBE453ECCF4A7D1E72D /* Pods */ = {
			isa = PBXGroup;
			children = (
				EA8D2E9E8F5289CBF886F887 /* Pods-BallsConnect.debug.xcconfig */,
				4EDC09F5A85653508E0D58D9 /* Pods-BallsConnect.release.xcconfig */,
			);
			path = Pods;
			sourceTree = "<group>";
		};
/* End PBXGroup section */

/* Begin PBXNativeTarget section */
		72CC1B082E6F2AF9006052B5 /* BallsConnect */ = {
			isa = PBXNativeTarget;
			buildConfigurationList = 72CC1B152E6F2AFB006052B5 /* Build configuration list for PBXNativeTarget "BallsConnect" */;
			buildPhases = (
				DBD7B41552143BB6CF5B62EC /* [CP] Check Pods Manifest.lock */,
				72CC1B052E6F2AF9006052B5 /* Sources */,
				72CC1B062E6F2AF9006052B5 /* Frameworks */,
				72CC1B072E6F2AF9006052B5 /* Resources */,
				90E5ADE44BD44AFD7F7601AF /* [CP] Copy Pods Resources */,
			);
			buildRules = (
			);
			dependencies = (
			);
			name = BallsConnect;
			productName = BallsConnect;
			productReference = 72CC1B092E6F2AF9006052B5 /* BallsConnect.app */;
			productType = "com.apple.product-type.application";
		};
/* End PBXNativeTarget section */

/* Begin PBXProject section */
		72CC1B012E6F2AF9006052B5 /* Project object */ = {
			isa = PBXProject;
			attributes = {
				BuildIndependentTargetsInParallel = 1;
				LastSwiftUpdateCheck = 1630;
				LastUpgradeCheck = 1630;
				TargetAttributes = {
					72CC1B082E6F2AF9006052B5 = {
						CreatedOnToolsVersion = 16.3;
					};
				};
			};
			buildConfigurationList = 72CC1B042E6F2AF9006052B5 /* Build configuration list for PBXProject "BallsConnect" */;
			compatibilityVersion = "Xcode 13.0";
			developmentRegion = en;
			hasScannedForEncodings = 0;
			knownRegions = (
				en,
				Base,
			);
			mainGroup = 72CC1B002E6F2AF9006052B5;
			productRefGroup = 72CC1B0A2E6F2AF9006052B5 /* Products */;
			projectDirPath = "";
			projectRoot = "";
			targets = (
				72CC1B082E6F2AF9006052B5 /* BallsConnect */,
			);
		};
/* End PBXProject section */

/* Begin PBXResourcesBuildPhase section */
		72CC1B072E6F2AF9006052B5 /* Resources */ = {
			isa = PBXResourcesBuildPhase;
			buildActionMask = 2147483647;
			files = (
				5F01409B2E85F6120023930C /* GoogleService-Info.plist in Resources */,
				72CC1B1F2E6F2B05006052B5 /* Assets.xcassets in Resources */,
				724140F72E797446000F0503 /* index.html in Resources */,
			);
			runOnlyForDeploymentPostprocessing = 0;
		};
/* End PBXResourcesBuildPhase section */

/* Begin PBXShellScriptBuildPhase section */
		90E5ADE44BD44AFD7F7601AF /* [CP] Copy Pods Resources */ = {
			isa = PBXShellScriptBuildPhase;
			buildActionMask = 2147483647;
			files = (
			);
			inputFileListPaths = (
				"${PODS_ROOT}/Target Support Files/Pods-BallsConnect/Pods-BallsConnect-resources-${CONFIGURATION}-input-files.xcfilelist",
			);
			name = "[CP] Copy Pods Resources";
			outputFileListPaths = (
				"${PODS_ROOT}/Target Support Files/Pods-BallsConnect/Pods-BallsConnect-resources-${CONFIGURATION}-output-files.xcfilelist",
			);
			runOnlyForDeploymentPostprocessing = 0;
			shellPath = /bin/sh;
			shellScript = "\"${PODS_ROOT}/Target Support Files/Pods-BallsConnect/Pods-BallsConnect-resources.sh\"\n";
			showEnvVarsInLog = 0;
		};
		DBD7B41552143BB6CF5B62EC /* [CP] Check Pods Manifest.lock */ = {
			isa = PBXShellScriptBuildPhase;
			buildActionMask = 2147483647;
			files = (
			);
			inputFileListPaths = (
			);
			inputPaths = (
				"${PODS_PODFILE_DIR_PATH}/Podfile.lock",
				"${PODS_ROOT}/Manifest.lock",
			);
			name = "[CP] Check Pods Manifest.lock";
			outputFileListPaths = (
			);
			outputPaths = (
				"$(DERIVED_FILE_DIR)/Pods-BallsConnect-checkManifestLockResult.txt",
			);
			runOnlyForDeploymentPostprocessing = 0;
			shellPath = /bin/sh;
			shellScript = "diff \"${PODS_PODFILE_DIR_PATH}/Podfile.lock\" \"${PODS_ROOT}/Manifest.lock\" > /dev/null\nif [ $? != 0 ] ; then\n    # print error to STDERR\n    echo \"error: The sandbox is not in sync with the Podfile.lock. Run 'pod install' or update your CocoaPods installation.\" >&2\n    exit 1\nfi\n# This output is used by Xcode 'outputs' to avoid re-running this script phase.\necho \"SUCCESS\" > \"${SCRIPT_OUTPUT_FILE_0}\"\n";
			showEnvVarsInLog = 0;
		};
/* End PBXShellScriptBuildPhase section */

/* Begin PBXSourcesBuildPhase section */
		72CC1B052E6F2AF9006052B5 /* Sources */ = {
			isa = PBXSourcesBuildPhase;
			buildActionMask = 2147483647;
			files = (
				724140FE2E797466000F0503 /* AppEntryPoint.swift in Sources */,
				724140FF2E797466000F0503 /* AppDelegate.swift in Sources */,
				72CC1B1D2E6F2B05006052B5 /* BallsConnectApp.swift in Sources */,
				724140EA2E79738A000F0503 /* TextScreen.swift in Sources */,
				72CC1B2C2E6F2BD8006052B5 /* BCHomeWebView.swift in Sources */,
				72CC1B2D2E6F2BD8006052B5 /* BCLaunchView.swift in Sources */,
				72CC1B242E6F2BC9006052B5 /* Color+Extensions.swift in Sources */,
				724140F02E79741A000F0503 /* PrivacyView.swift in Sources */,
				724140F82E797446000F0503 /* WebViewCoordinator.swift in Sources */,
				724140F92E797446000F0503 /* WebViewContainer.swift in Sources */,
				724140FA2E797446000F0503 /* WebSheetViewController.swift in Sources */,
				5F0140992E85F5570023930C /* StartupGate.swift in Sources */,
				724140FB2E797446000F0503 /* UserAgentBuilder.swift in Sources */,
				72CC1B252E6F2BC9006052B5 /* ShapeStyle+Extensions.swift in Sources */,
				72CC1B262E6F2BC9006052B5 /* View+Extensions.swift in Sources */,
			);
			runOnlyForDeploymentPostprocessing = 0;
		};
/* End PBXSourcesBuildPhase section */

/* Begin XCBuildConfiguration section */
		72CC1B132E6F2AFB006052B5 /* Debug */ = {
			isa = XCBuildConfiguration;
			buildSettings = {
				ALWAYS_SEARCH_USER_PATHS = NO;
				ASSETCATALOG_COMPILER_GENERATE_SWIFT_ASSET_SYMBOL_EXTENSIONS = YES;
				CLANG_ANALYZER_NONNULL = YES;
				CLANG_ANALYZER_NUMBER_OBJECT_CONVERSION = YES_AGGRESSIVE;
				CLANG_CXX_LANGUAGE_STANDARD = "gnu++20";
				CLANG_ENABLE_MODULES = YES;
				CLANG_ENABLE_OBJC_ARC = YES;
				CLANG_ENABLE_OBJC_WEAK = YES;
				CLANG_WARN_BLOCK_CAPTURE_AUTORELEASING = YES;
				CLANG_WARN_BOOL_CONVERSION = YES;
				CLANG_WARN_COMMA = YES;
				CLANG_WARN_CONSTANT_CONVERSION = YES;
				CLANG_WARN_DEPRECATED_OBJC_IMPLEMENTATIONS = YES;
				CLANG_WARN_DIRECT_OBJC_ISA_USAGE = YES_ERROR;
				CLANG_WARN_DOCUMENTATION_COMMENTS = YES;
				CLANG_WARN_EMPTY_BODY = YES;
				CLANG_WARN_ENUM_CONVERSION = YES;
				CLANG_WARN_INFINITE_RECURSION = YES;
				CLANG_WARN_INT_CONVERSION = YES;
				CLANG_WARN_NON_LITERAL_NULL_CONVERSION = YES;
				CLANG_WARN_OBJC_IMPLICIT_RETAIN_SELF = YES;
				CLANG_WARN_OBJC_LITERAL_CONVERSION = YES;
				CLANG_WARN_OBJC_ROOT_CLASS = YES_ERROR;
				CLANG_WARN_QUOTED_INCLUDE_IN_FRAMEWORK_HEADER = YES;
				CLANG_WARN_RANGE_LOOP_ANALYSIS = YES;
				CLANG_WARN_STRICT_PROTOTYPES = YES;
				CLANG_WARN_SUSPICIOUS_MOVE = YES;
				CLANG_WARN_UNGUARDED_AVAILABILITY = YES_AGGRESSIVE;
				CLANG_WARN_UNREACHABLE_CODE = YES;
				CLANG_WARN__DUPLICATE_METHOD_MATCH = YES;
				COPY_PHASE_STRIP = NO;
				DEBUG_INFORMATION_FORMAT = dwarf;
				ENABLE_STRICT_OBJC_MSGSEND = YES;
				ENABLE_TESTABILITY = YES;
				ENABLE_USER_SCRIPT_SANDBOXING = YES;
				GCC_C_LANGUAGE_STANDARD = gnu17;
				GCC_DYNAMIC_NO_PIC = NO;
				GCC_NO_COMMON_BLOCKS = YES;
				GCC_OPTIMIZATION_LEVEL = 0;
				GCC_PREPROCESSOR_DEFINITIONS = (
					"DEBUG=1",
					"$(inherited)",
				);
				GCC_WARN_64_TO_32_BIT_CONVERSION = YES;
				GCC_WARN_ABOUT_RETURN_TYPE = YES_ERROR;
				GCC_WARN_UNDECLARED_SELECTOR = YES;
				GCC_WARN_UNINITIALIZED_AUTOS = YES_AGGRESSIVE;
				GCC_WARN_UNUSED_FUNCTION = YES;
				GCC_WARN_UNUSED_VARIABLE = YES;
				LOCALIZATION_PREFERS_STRING_CATALOGS = YES;
				MTL_ENABLE_DEBUG_INFO = INCLUDE_SOURCE;
				MTL_FAST_MATH = YES;
				ONLY_ACTIVE_ARCH = YES;
				SWIFT_ACTIVE_COMPILATION_CONDITIONS = "DEBUG $(inherited)";
				SWIFT_OPTIMIZATION_LEVEL = "-Onone";
			};
			name = Debug;
		};
		72CC1B142E6F2AFB006052B5 /* Release */ = {
			isa = XCBuildConfiguration;
			buildSettings = {
				ALWAYS_SEARCH_USER_PATHS = NO;
				ASSETCATALOG_COMPILER_GENERATE_SWIFT_ASSET_SYMBOL_EXTENSIONS = YES;
				CLANG_ANALYZER_NONNULL = YES;
				CLANG_ANALYZER_NUMBER_OBJECT_CONVERSION = YES_AGGRESSIVE;
				CLANG_CXX_LANGUAGE_STANDARD = "gnu++20";
				CLANG_ENABLE_MODULES = YES;
				CLANG_ENABLE_OBJC_ARC = YES;
				CLANG_ENABLE_OBJC_WEAK = YES;
				CLANG_WARN_BLOCK_CAPTURE_AUTORELEASING = YES;
				CLANG_WARN_BOOL_CONVERSION = YES;
				CLANG_WARN_COMMA = YES;
				CLANG_WARN_CONSTANT_CONVERSION = YES;
				CLANG_WARN_DEPRECATED_OBJC_IMPLEMENTATIONS = YES;
				CLANG_WARN_DIRECT_OBJC_ISA_USAGE = YES_ERROR;
				CLANG_WARN_DOCUMENTATION_COMMENTS = YES;
				CLANG_WARN_EMPTY_BODY = YES;
				CLANG_WARN_ENUM_CONVERSION = YES;
				CLANG_WARN_INFINITE_RECURSION = YES;
				CLANG_WARN_INT_CONVERSION = YES;
				CLANG_WARN_NON_LITERAL_NULL_CONVERSION = YES;
				CLANG_WARN_OBJC_IMPLICIT_RETAIN_SELF = YES;
				CLANG_WARN_OBJC_LITERAL_CONVERSION = YES;
				CLANG_WARN_OBJC_ROOT_CLASS = YES_ERROR;
				CLANG_WARN_QUOTED_INCLUDE_IN_FRAMEWORK_HEADER = YES;
				CLANG_WARN_RANGE_LOOP_ANALYSIS = YES;
				CLANG_WARN_STRICT_PROTOTYPES = YES;
				CLANG_WARN_SUSPICIOUS_MOVE = YES;
				CLANG_WARN_UNGUARDED_AVAILABILITY = YES_AGGRESSIVE;
				CLANG_WARN_UNREACHABLE_CODE = YES;
				CLANG_WARN__DUPLICATE_METHOD_MATCH = YES;
				COPY_PHASE_STRIP = NO;
				DEBUG_INFORMATION_FORMAT = "dwarf-with-dsym";
				ENABLE_NS_ASSERTIONS = NO;
				ENABLE_STRICT_OBJC_MSGSEND = YES;
				ENABLE_USER_SCRIPT_SANDBOXING = YES;
				GCC_C_LANGUAGE_STANDARD = gnu17;
				GCC_NO_COMMON_BLOCKS = YES;
				GCC_WARN_64_TO_32_BIT_CONVERSION = YES;
				GCC_WARN_ABOUT_RETURN_TYPE = YES_ERROR;
				GCC_WARN_UNDECLARED_SELECTOR = YES;
				GCC_WARN_UNINITIALIZED_AUTOS = YES_AGGRESSIVE;
				GCC_WARN_UNUSED_FUNCTION = YES;
				GCC_WARN_UNUSED_VARIABLE = YES;
				LOCALIZATION_PREFERS_STRING_CATALOGS = YES;
				MTL_ENABLE_DEBUG_INFO = NO;
				MTL_FAST_MATH = YES;
				SWIFT_COMPILATION_MODE = wholemodule;
			};
			name = Release;
		};
		72CC1B162E6F2AFB006052B5 /* Debug */ = {
			isa = XCBuildConfiguration;
			baseConfigurationReference = EA8D2E9E8F5289CBF886F887 /* Pods-BallsConnect.debug.xcconfig */;
			buildSettings = {
				ASSETCATALOG_COMPILER_APPICON_NAME = AppIcon;
				ASSETCATALOG_COMPILER_GLOBAL_ACCENT_COLOR_NAME = AccentColor;
				CODE_SIGN_ENTITLEMENTS = BallsConnect/BallsConnect.entitlements;
				CODE_SIGN_STYLE = Automatic;
				CURRENT_PROJECT_VERSION = 9;
				DEVELOPMENT_TEAM = 99Y7AUQG6Y;
				ENABLE_PREVIEWS = YES;
				ENABLE_USER_SCRIPT_SANDBOXING = NO;
				GENERATE_INFOPLIST_FILE = YES;
				INFOPLIST_FILE = BallsConnect/Info.plist;
				INFOPLIST_KEY_CFBundleDisplayName = "Balls Connect";
				INFOPLIST_KEY_NSCameraUsageDescription = "We need access to your camera to take a profile photo for your account.";
				INFOPLIST_KEY_NSMicrophoneUsageDescription = "We need access to your microphone to allow voice input";
				"INFOPLIST_KEY_UIApplicationSceneManifest_Generation[sdk=iphoneos*]" = YES;
				"INFOPLIST_KEY_UIApplicationSceneManifest_Generation[sdk=iphonesimulator*]" = YES;
				"INFOPLIST_KEY_UIApplicationSupportsIndirectInputEvents[sdk=iphoneos*]" = YES;
				"INFOPLIST_KEY_UIApplicationSupportsIndirectInputEvents[sdk=iphonesimulator*]" = YES;
				"INFOPLIST_KEY_UILaunchScreen_Generation[sdk=iphoneos*]" = YES;
				"INFOPLIST_KEY_UILaunchScreen_Generation[sdk=iphonesimulator*]" = YES;
				"INFOPLIST_KEY_UIStatusBarStyle[sdk=iphoneos*]" = UIStatusBarStyleDefault;
				"INFOPLIST_KEY_UIStatusBarStyle[sdk=iphonesimulator*]" = UIStatusBarStyleDefault;
				INFOPLIST_KEY_UISupportedInterfaceOrientations = UIInterfaceOrientationPortrait;
				INFOPLIST_KEY_UISupportedInterfaceOrientations_iPad = "UIInterfaceOrientationLandscapeLeft UIInterfaceOrientationLandscapeRight UIInterfaceOrientationPortrait UIInterfaceOrientationPortraitUpsideDown";
				IPHONEOS_DEPLOYMENT_TARGET = 15.0;
				LD_RUNPATH_SEARCH_PATHS = "@executable_path/Frameworks";
				"LD_RUNPATH_SEARCH_PATHS[sdk=macosx*]" = "@executable_path/../Frameworks";
				MACOSX_DEPLOYMENT_TARGET = 15.4;
				MARKETING_VERSION = 1.0.9;
				PRODUCT_BUNDLE_IDENTIFIER = com.okktyukproj.app;
				PRODUCT_NAME = "$(TARGET_NAME)";
				REGISTER_APP_GROUPS = YES;
				SDKROOT = auto;
				SUPPORTED_PLATFORMS = "iphoneos iphonesimulator";
				SUPPORTS_MACCATALYST = NO;
				SWIFT_EMIT_LOC_STRINGS = YES;
				SWIFT_VERSION = 5.0;
				TARGETED_DEVICE_FAMILY = 1;
				XROS_DEPLOYMENT_TARGET = 2.4;
			};
			name = Debug;
		};
		72CC1B172E6F2AFB006052B5 /* Release */ = {
			isa = XCBuildConfiguration;
			baseConfigurationReference = 4EDC09F5A85653508E0D58D9 /* Pods-BallsConnect.release.xcconfig */;
			buildSettings = {
				ASSETCATALOG_COMPILER_APPICON_NAME = AppIcon;
				ASSETCATALOG_COMPILER_GLOBAL_ACCENT_COLOR_NAME = AccentColor;
				CODE_SIGN_ENTITLEMENTS = BallsConnect/BallsConnect.entitlements;
				CODE_SIGN_STYLE = Automatic;
				CURRENT_PROJECT_VERSION = 9;
				DEVELOPMENT_TEAM = 99Y7AUQG6Y;
				ENABLE_PREVIEWS = YES;
				ENABLE_USER_SCRIPT_SANDBOXING = NO;
				GENERATE_INFOPLIST_FILE = YES;
				INFOPLIST_FILE = BallsConnect/Info.plist;
				INFOPLIST_KEY_CFBundleDisplayName = "Balls Connect";
				INFOPLIST_KEY_NSCameraUsageDescription = "We need access to your camera to take a profile photo for your account.";
				INFOPLIST_KEY_NSMicrophoneUsageDescription = "We need access to your microphone to allow voice input";
				"INFOPLIST_KEY_UIApplicationSceneManifest_Generation[sdk=iphoneos*]" = YES;
				"INFOPLIST_KEY_UIApplicationSceneManifest_Generation[sdk=iphonesimulator*]" = YES;
				"INFOPLIST_KEY_UIApplicationSupportsIndirectInputEvents[sdk=iphoneos*]" = YES;
				"INFOPLIST_KEY_UIApplicationSupportsIndirectInputEvents[sdk=iphonesimulator*]" = YES;
				"INFOPLIST_KEY_UILaunchScreen_Generation[sdk=iphoneos*]" = YES;
				"INFOPLIST_KEY_UILaunchScreen_Generation[sdk=iphonesimulator*]" = YES;
				"INFOPLIST_KEY_UIStatusBarStyle[sdk=iphoneos*]" = UIStatusBarStyleDefault;
				"INFOPLIST_KEY_UIStatusBarStyle[sdk=iphonesimulator*]" = UIStatusBarStyleDefault;
				INFOPLIST_KEY_UISupportedInterfaceOrientations = UIInterfaceOrientationPortrait;
				INFOPLIST_KEY_UISupportedInterfaceOrientations_iPad = "UIInterfaceOrientationLandscapeLeft UIInterfaceOrientationLandscapeRight UIInterfaceOrientationPortrait UIInterfaceOrientationPortraitUpsideDown";
				IPHONEOS_DEPLOYMENT_TARGET = 15.0;
				LD_RUNPATH_SEARCH_PATHS = "@executable_path/Frameworks";
				"LD_RUNPATH_SEARCH_PATHS[sdk=macosx*]" = "@executable_path/../Frameworks";
				MACOSX_DEPLOYMENT_TARGET = 15.4;
				MARKETING_VERSION = 1.0.9;
				PRODUCT_BUNDLE_IDENTIFIER = com.okktyukproj.app;
				PRODUCT_NAME = "$(TARGET_NAME)";
				REGISTER_APP_GROUPS = YES;
				SDKROOT = auto;
				SUPPORTED_PLATFORMS = "iphoneos iphonesimulator";
				SUPPORTS_MACCATALYST = NO;
				SWIFT_EMIT_LOC_STRINGS = YES;
				SWIFT_VERSION = 5.0;
				TARGETED_DEVICE_FAMILY = 1;
				XROS_DEPLOYMENT_TARGET = 2.4;
			};
			name = Release;
		};
/* End XCBuildConfiguration section */

/* Begin XCConfigurationList section */
		72CC1B042E6F2AF9006052B5 /* Build configuration list for PBXProject "BallsConnect" */ = {
			isa = XCConfigurationList;
			buildConfigurations = (
				72CC1B132E6F2AFB006052B5 /* Debug */,
				72CC1B142E6F2AFB006052B5 /* Release */,
			);
			defaultConfigurationIsVisible = 0;
			defaultConfigurationName = Release;
		};
		72CC1B152E6F2AFB006052B5 /* Build configuration list for PBXNativeTarget "BallsConnect" */ = {
			isa = XCConfigurationList;
			buildConfigurations = (
				72CC1B162E6F2AFB006052B5 /* Debug */,
				72CC1B172E6F2AFB006052B5 /* Release */,
			);
			defaultConfigurationIsVisible = 0;
			defaultConfigurationName = Release;
		};
/* End XCConfigurationList section */
	};
	rootObject = 72CC1B012E6F2AF9006052B5 /* Project object */;
}
